PODS:
  - EasyMapping (0.21.2):
    - EasyMapping/Core (= 0.21.2)
  - EasyMapping/Core (0.21.2)
  - SDWebImage (4.3.3):
    - SDWebImage/Core (= 4.3.3)
  - SDWebImage/Core (4.3.3)
  - Typhoon (4.0.4):
    - Typhoon/DeallocNotifier (= 4.0.4)
    - Typhoon/IntrospectionUtils (= 4.0.4)
    - Typhoon/no-arc (= 4.0.4)
  - Typhoon/DeallocNotifier (4.0.4)
  - Typhoon/IntrospectionUtils (4.0.4)
  - Typhoon/no-arc (4.0.4):
    - Typhoon/IntrospectionUtils

DEPENDENCIES:
  - EasyMapping
  - SDWebImage
  - Typhoon

SPEC REPOS:
  https://github.com/CocoaPods/Specs.git:
    - EasyMapping
    - SDWebImage
    - Typhoon

SPEC CHECKSUMS:
  EasyMapping: 93c1f054da1bc5dff6aa332477b040bea7767841
  SDWebImage: de4d90b5bff3571eae7bd16202b1f43135409fa5
  Typhoon: fe0fa417515e279f68170cfe3ae9c1d5eae53205

PODFILE CHECKSUM: 69b8882fca0cc6f42e310412bde844fe68578a7b

COCOAPODS: 1.5.0.beta.1
