// !$*UTF8*$!
{
	archiveVersion = 1;
	classes = {
	};
	objectVersion = 50;
	objects = {

/* Begin PBXBuildFile section */
		64FE6BCD208B691A0088DB00 /* AppDelegate.m in Sources */ = {isa = PBXBuildFile; fileRef = 64FE6BCC208B691A0088DB00 /* AppDelegate.m */; };
		64FE6BD0208B691A0088DB00 /* HTMainViewController.m in Sources */ = {isa = PBXBuildFile; fileRef = 64FE6BCF208B691A0088DB00 /* HTMainViewController.m */; };
		64FE6BD3208B691A0088DB00 /* Main.storyboard in Resources */ = {isa = PBXBuildFile; fileRef = 64FE6BD1208B691A0088DB00 /* Main.storyboard */; };
		64FE6BD5208B691B0088DB00 /* Assets.xcassets in Resources */ = {isa = PBXBuildFile; fileRef = 64FE6BD4208B691B0088DB00 /* Assets.xcassets */; };
		64FE6BD8208B691B0088DB00 /* LaunchScreen.storyboard in Resources */ = {isa = PBXBuildFile; fileRef = 64FE6BD6208B691B0088DB00 /* LaunchScreen.storyboard */; };
		64FE6BDB208B691B0088DB00 /* main.m in Sources */ = {isa = PBXBuildFile; fileRef = 64FE6BDA208B691B0088DB00 /* main.m */; };
		64FE6C01208B77EF0088DB00 /* HTMainPresenter.m in Sources */ = {isa = PBXBuildFile; fileRef = 64FE6C00208B77EF0088DB00 /* HTMainPresenter.m */; };
		64FE6C04208B77FE0088DB00 /* HTMainInteractor.m in Sources */ = {isa = PBXBuildFile; fileRef = 64FE6C03208B77FE0088DB00 /* HTMainInteractor.m */; };
		64FE6C07208B780A0088DB00 /* HTMainRouter.m in Sources */ = {isa = PBXBuildFile; fileRef = 64FE6C06208B780A0088DB00 /* HTMainRouter.m */; };
		64FE6C0A208B781A0088DB00 /* HTMainAssembly.m in Sources */ = {isa = PBXBuildFile; fileRef = 64FE6C09208B781A0088DB00 /* HTMainAssembly.m */; };
		64FE6C18208B93C00088DB00 /* HTBeerServiceImplementation.m in Sources */ = {isa = PBXBuildFile; fileRef = 64FE6C17208B93C00088DB00 /* HTBeerServiceImplementation.m */; };
		64FE6C1E208B955C0088DB00 /* HTNetworkClientImplementation.m in Sources */ = {isa = PBXBuildFile; fileRef = 64FE6C1D208B955C0088DB00 /* HTNetworkClientImplementation.m */; };
		64FE6C22208B96410088DB00 /* HTBeerModel.m in Sources */ = {isa = PBXBuildFile; fileRef = 64FE6C21208B96410088DB00 /* HTBeerModel.m */; };
		64FE6C28208BA4840088DB00 /* HTRequestFactoryImplementation.m in Sources */ = {isa = PBXBuildFile; fileRef = 64FE6C27208BA4840088DB00 /* HTRequestFactoryImplementation.m */; };
		64FE6C2B208BA59D0088DB00 /* HTServicesAssembly.m in Sources */ = {isa = PBXBuildFile; fileRef = 64FE6C2A208BA59D0088DB00 /* HTServicesAssembly.m */; };
		64FE6C2E208BA6590088DB00 /* HTCoreComponentsAssembly.m in Sources */ = {isa = PBXBuildFile; fileRef = 64FE6C2D208BA6590088DB00 /* HTCoreComponentsAssembly.m */; };
		64FE6C33208BCBC60088DB00 /* HTImageTableViewCell.m in Sources */ = {isa = PBXBuildFile; fileRef = 64FE6C32208BCBC60088DB00 /* HTImageTableViewCell.m */; };
		64FE6C35208BCD060088DB00 /* HTImageTableViewCell.xib in Resources */ = {isa = PBXBuildFile; fileRef = 64FE6C34208BCD060088DB00 /* HTImageTableViewCell.xib */; };
		C8F908973F80501C8FFDABF1 /* libPods-Hoppy time.a in Frameworks */ = {isa = PBXBuildFile; fileRef = 9F621C73588965C0D4E79BA6 /* libPods-Hoppy time.a */; };
/* End PBXBuildFile section */

/* Begin PBXFileReference section */
		0A5173803A289BC215F745D8 /* Pods-Hoppy time.release.xcconfig */ = {isa = PBXFileReference; includeInIndex = 1; lastKnownFileType = text.xcconfig; name = "Pods-Hoppy time.release.xcconfig"; path = "Pods/Target Support Files/Pods-Hoppy time/Pods-Hoppy time.release.xcconfig"; sourceTree = "<group>"; };
		1C9549600CF18368FC4CCD02 /* Pods-Hoppy time.debug.xcconfig */ = {isa = PBXFileReference; includeInIndex = 1; lastKnownFileType = text.xcconfig; name = "Pods-Hoppy time.debug.xcconfig"; path = "Pods/Target Support Files/Pods-Hoppy time/Pods-Hoppy time.debug.xcconfig"; sourceTree = "<group>"; };
		64FE6BC8208B691A0088DB00 /* Hoppy time.app */ = {isa = PBXFileReference; explicitFileType = wrapper.application; includeInIndex = 0; path = "Hoppy time.app"; sourceTree = BUILT_PRODUCTS_DIR; };
		64FE6BCB208B691A0088DB00 /* AppDelegate.h */ = {isa = PBXFileReference; lastKnownFileType = sourcecode.c.h; path = AppDelegate.h; sourceTree = "<group>"; };
		64FE6BCC208B691A0088DB00 /* AppDelegate.m */ = {isa = PBXFileReference; lastKnownFileType = sourcecode.c.objc; path = AppDelegate.m; sourceTree = "<group>"; };
		64FE6BCE208B691A0088DB00 /* HTMainViewController.h */ = {isa = PBXFileReference; lastKnownFileType = sourcecode.c.h; path = HTMainViewController.h; sourceTree = "<group>"; };
		64FE6BCF208B691A0088DB00 /* HTMainViewController.m */ = {isa = PBXFileReference; lastKnownFileType = sourcecode.c.objc; path = HTMainViewController.m; sourceTree = "<group>"; };
		64FE6BD2208B691A0088DB00 /* Base */ = {isa = PBXFileReference; lastKnownFileType = file.storyboard; name = Base; path = Base.lproj/Main.storyboard; sourceTree = "<group>"; };
		64FE6BD4208B691B0088DB00 /* Assets.xcassets */ = {isa = PBXFileReference; lastKnownFileType = folder.assetcatalog; path = Assets.xcassets; sourceTree = "<group>"; };
		64FE6BD7208B691B0088DB00 /* Base */ = {isa = PBXFileReference; lastKnownFileType = file.storyboard; name = Base; path = Base.lproj/LaunchScreen.storyboard; sourceTree = "<group>"; };
		64FE6BD9208B691B0088DB00 /* Info.plist */ = {isa = PBXFileReference; lastKnownFileType = text.plist.xml; path = Info.plist; sourceTree = "<group>"; };
		64FE6BDA208B691B0088DB00 /* main.m */ = {isa = PBXFileReference; lastKnownFileType = sourcecode.c.objc; path = main.m; sourceTree = "<group>"; };
		64FE6BFF208B77EF0088DB00 /* HTMainPresenter.h */ = {isa = PBXFileReference; lastKnownFileType = sourcecode.c.h; path = HTMainPresenter.h; sourceTree = "<group>"; };
		64FE6C00208B77EF0088DB00 /* HTMainPresenter.m */ = {isa = PBXFileReference; lastKnownFileType = sourcecode.c.objc; path = HTMainPresenter.m; sourceTree = "<group>"; };
		64FE6C02208B77FE0088DB00 /* HTMainInteractor.h */ = {isa = PBXFileReference; lastKnownFileType = sourcecode.c.h; path = HTMainInteractor.h; sourceTree = "<group>"; };
		64FE6C03208B77FE0088DB00 /* HTMainInteractor.m */ = {isa = PBXFileReference; lastKnownFileType = sourcecode.c.objc; path = HTMainInteractor.m; sourceTree = "<group>"; };
		64FE6C05208B780A0088DB00 /* HTMainRouter.h */ = {isa = PBXFileReference; lastKnownFileType = sourcecode.c.h; path = HTMainRouter.h; sourceTree = "<group>"; };
		64FE6C06208B780A0088DB00 /* HTMainRouter.m */ = {isa = PBXFileReference; lastKnownFileType = sourcecode.c.objc; path = HTMainRouter.m; sourceTree = "<group>"; };
		64FE6C08208B781A0088DB00 /* HTMainAssembly.h */ = {isa = PBXFileReference; lastKnownFileType = sourcecode.c.h; path = HTMainAssembly.h; sourceTree = "<group>"; };
		64FE6C09208B781A0088DB00 /* HTMainAssembly.m */ = {isa = PBXFileReference; lastKnownFileType = sourcecode.c.objc; path = HTMainAssembly.m; sourceTree = "<group>"; };
		64FE6C0B208B782D0088DB00 /* HTMainViewInput.h */ = {isa = PBXFileReference; lastKnownFileType = sourcecode.c.h; path = HTMainViewInput.h; sourceTree = "<group>"; };
		64FE6C0C208B783B0088DB00 /* HTMainViewOutput.h */ = {isa = PBXFileReference; lastKnownFileType = sourcecode.c.h; path = HTMainViewOutput.h; sourceTree = "<group>"; };
		64FE6C0D208B784F0088DB00 /* HTMainInteractorInput.h */ = {isa = PBXFileReference; lastKnownFileType = sourcecode.c.h; path = HTMainInteractorInput.h; sourceTree = "<group>"; };
		64FE6C0E208B78610088DB00 /* HTMainInteractorOutput.h */ = {isa = PBXFileReference; lastKnownFileType = sourcecode.c.h; path = HTMainInteractorOutput.h; sourceTree = "<group>"; };
		64FE6C0F208B78700088DB00 /* HTMainRouterInput.h */ = {isa = PBXFileReference; lastKnownFileType = sourcecode.c.h; path = HTMainRouterInput.h; sourceTree = "<group>"; };
		64FE6C15208B93AD0088DB00 /* HTBeerService.h */ = {isa = PBXFileReference; lastKnownFileType = sourcecode.c.h; path = HTBeerService.h; sourceTree = "<group>"; };
		64FE6C16208B93C00088DB00 /* HTBeerServiceImplementation.h */ = {isa = PBXFileReference; lastKnownFileType = sourcecode.c.h; path = HTBeerServiceImplementation.h; sourceTree = "<group>"; };
		64FE6C17208B93C00088DB00 /* HTBeerServiceImplementation.m */ = {isa = PBXFileReference; lastKnownFileType = sourcecode.c.objc; path = HTBeerServiceImplementation.m; sourceTree = "<group>"; };
		64FE6C1B208B954E0088DB00 /* HTNetworkClient.h */ = {isa = PBXFileReference; lastKnownFileType = sourcecode.c.h; path = HTNetworkClient.h; sourceTree = "<group>"; };
		64FE6C1C208B955C0088DB00 /* HTNetworkClientImplementation.h */ = {isa = PBXFileReference; lastKnownFileType = sourcecode.c.h; path = HTNetworkClientImplementation.h; sourceTree = "<group>"; };
		64FE6C1D208B955C0088DB00 /* HTNetworkClientImplementation.m */ = {isa = PBXFileReference; lastKnownFileType = sourcecode.c.objc; path = HTNetworkClientImplementation.m; sourceTree = "<group>"; };
		64FE6C20208B96410088DB00 /* HTBeerModel.h */ = {isa = PBXFileReference; lastKnownFileType = sourcecode.c.h; path = HTBeerModel.h; sourceTree = "<group>"; };
		64FE6C21208B96410088DB00 /* HTBeerModel.m */ = {isa = PBXFileReference; lastKnownFileType = sourcecode.c.objc; path = HTBeerModel.m; sourceTree = "<group>"; };
		64FE6C24208BA3AA0088DB00 /* HTRequestFactory.h */ = {isa = PBXFileReference; lastKnownFileType = sourcecode.c.h; path = HTRequestFactory.h; sourceTree = "<group>"; };
		64FE6C26208BA4830088DB00 /* HTRequestFactoryImplementation.h */ = {isa = PBXFileReference; lastKnownFileType = sourcecode.c.h; path = HTRequestFactoryImplementation.h; sourceTree = "<group>"; };
		64FE6C27208BA4840088DB00 /* HTRequestFactoryImplementation.m */ = {isa = PBXFileReference; lastKnownFileType = sourcecode.c.objc; path = HTRequestFactoryImplementation.m; sourceTree = "<group>"; };
		64FE6C29208BA59D0088DB00 /* HTServicesAssembly.h */ = {isa = PBXFileReference; lastKnownFileType = sourcecode.c.h; path = HTServicesAssembly.h; sourceTree = "<group>"; };
		64FE6C2A208BA59D0088DB00 /* HTServicesAssembly.m */ = {isa = PBXFileReference; lastKnownFileType = sourcecode.c.objc; path = HTServicesAssembly.m; sourceTree = "<group>"; };
		64FE6C2C208BA6590088DB00 /* HTCoreComponentsAssembly.h */ = {isa = PBXFileReference; lastKnownFileType = sourcecode.c.h; path = HTCoreComponentsAssembly.h; sourceTree = "<group>"; };
		64FE6C2D208BA6590088DB00 /* HTCoreComponentsAssembly.m */ = {isa = PBXFileReference; lastKnownFileType = sourcecode.c.objc; path = HTCoreComponentsAssembly.m; sourceTree = "<group>"; };
		64FE6C31208BCBC60088DB00 /* HTImageTableViewCell.h */ = {isa = PBXFileReference; lastKnownFileType = sourcecode.c.h; path = HTImageTableViewCell.h; sourceTree = "<group>"; };
		64FE6C32208BCBC60088DB00 /* HTImageTableViewCell.m */ = {isa = PBXFileReference; lastKnownFileType = sourcecode.c.objc; path = HTImageTableViewCell.m; sourceTree = "<group>"; };
		64FE6C34208BCD060088DB00 /* HTImageTableViewCell.xib */ = {isa = PBXFileReference; lastKnownFileType = file.xib; path = HTImageTableViewCell.xib; sourceTree = "<group>"; };
		9F621C73588965C0D4E79BA6 /* libPods-Hoppy time.a */ = {isa = PBXFileReference; explicitFileType = archive.ar; includeInIndex = 0; path = "libPods-Hoppy time.a"; sourceTree = BUILT_PRODUCTS_DIR; };
/* End PBXFileReference section */

/* Begin PBXFrameworksBuildPhase section */
		64FE6BC5208B691A0088DB00 /* Frameworks */ = {
			isa = PBXFrameworksBuildPhase;
			buildActionMask = 2147483647;
			files = (
				C8F908973F80501C8FFDABF1 /* libPods-Hoppy time.a in Frameworks */,
			);
			runOnlyForDeploymentPostprocessing = 0;
		};
/* End PBXFrameworksBuildPhase section */

/* Begin PBXGroup section */
		5DE036DA624B8DE6BD868567 /* Pods */ = {
			isa = PBXGroup;
			children = (
				1C9549600CF18368FC4CCD02 /* Pods-Hoppy time.debug.xcconfig */,
				0A5173803A289BC215F745D8 /* Pods-Hoppy time.release.xcconfig */,
			);
			name = Pods;
			sourceTree = "<group>";
		};
		64FE6BBF208B691A0088DB00 = {
			isa = PBXGroup;
			children = (
				64FE6BCA208B691A0088DB00 /* Hoppy time */,
				64FE6BC9208B691A0088DB00 /* Products */,
				5DE036DA624B8DE6BD868567 /* Pods */,
				E3214B01DD6092827145947D /* Frameworks */,
			);
			sourceTree = "<group>";
		};
		64FE6BC9208B691A0088DB00 /* Products */ = {
			isa = PBXGroup;
			children = (
				64FE6BC8208B691A0088DB00 /* Hoppy time.app */,
			);
			name = Products;
			sourceTree = "<group>";
		};
		64FE6BCA208B691A0088DB00 /* Hoppy time */ = {
			isa = PBXGroup;
			children = (
				64FE6C2F208BCB480088DB00 /* CustomViews */,
				64FE6C14208B92D80088DB00 /* Model */,
				64FE6C13208B91690088DB00 /* Presentation */,
				64FE6C12208B911B0088DB00 /* BusinessLogic */,
				64FE6BCB208B691A0088DB00 /* AppDelegate.h */,
				64FE6BCC208B691A0088DB00 /* AppDelegate.m */,
				64FE6BD1208B691A0088DB00 /* Main.storyboard */,
				64FE6BD4208B691B0088DB00 /* Assets.xcassets */,
				64FE6BD6208B691B0088DB00 /* LaunchScreen.storyboard */,
				64FE6BD9208B691B0088DB00 /* Info.plist */,
				64FE6BDA208B691B0088DB00 /* main.m */,
			);
			path = "Hoppy time";
			sourceTree = "<group>";
		};
		64FE6BF8208B77590088DB00 /* UserStories */ = {
			isa = PBXGroup;
			children = (
				64FE6BFE208B77AA0088DB00 /* Main */,
			);
			path = UserStories;
			sourceTree = "<group>";
		};
		64FE6BF9208B776D0088DB00 /* View */ = {
			isa = PBXGroup;
			children = (
				64FE6BCE208B691A0088DB00 /* HTMainViewController.h */,
				64FE6BCF208B691A0088DB00 /* HTMainViewController.m */,
				64FE6C0B208B782D0088DB00 /* HTMainViewInput.h */,
				64FE6C0C208B783B0088DB00 /* HTMainViewOutput.h */,
			);
			path = View;
			sourceTree = "<group>";
		};
		64FE6BFA208B77750088DB00 /* Presenter */ = {
			isa = PBXGroup;
			children = (
				64FE6BFF208B77EF0088DB00 /* HTMainPresenter.h */,
				64FE6C00208B77EF0088DB00 /* HTMainPresenter.m */,
			);
			path = Presenter;
			sourceTree = "<group>";
		};
		64FE6BFB208B777E0088DB00 /* Interactor */ = {
			isa = PBXGroup;
			children = (
				64FE6C02208B77FE0088DB00 /* HTMainInteractor.h */,
				64FE6C03208B77FE0088DB00 /* HTMainInteractor.m */,
				64FE6C0D208B784F0088DB00 /* HTMainInteractorInput.h */,
				64FE6C0E208B78610088DB00 /* HTMainInteractorOutput.h */,
			);
			path = Interactor;
			sourceTree = "<group>";
		};
		64FE6BFC208B778D0088DB00 /* Router */ = {
			isa = PBXGroup;
			children = (
				64FE6C05208B780A0088DB00 /* HTMainRouter.h */,
				64FE6C06208B780A0088DB00 /* HTMainRouter.m */,
				64FE6C0F208B78700088DB00 /* HTMainRouterInput.h */,
			);
			path = Router;
			sourceTree = "<group>";
		};
		64FE6BFD208B77980088DB00 /* Assembly */ = {
			isa = PBXGroup;
			children = (
				64FE6C08208B781A0088DB00 /* HTMainAssembly.h */,
				64FE6C09208B781A0088DB00 /* HTMainAssembly.m */,
			);
			path = Assembly;
			sourceTree = "<group>";
		};
		64FE6BFE208B77AA0088DB00 /* Main */ = {
			isa = PBXGroup;
			children = (
				64FE6BFD208B77980088DB00 /* Assembly */,
				64FE6BFC208B778D0088DB00 /* Router */,
				64FE6BFB208B777E0088DB00 /* Interactor */,
				64FE6BFA208B77750088DB00 /* Presenter */,
				64FE6BF9208B776D0088DB00 /* View */,
			);
			path = Main;
			sourceTree = "<group>";
		};
		64FE6C10208B8F520088DB00 /* Services */ = {
			isa = PBXGroup;
			children = (
				64FE6C29208BA59D0088DB00 /* HTServicesAssembly.h */,
				64FE6C2A208BA59D0088DB00 /* HTServicesAssembly.m */,
				64FE6C11208B8FB90088DB00 /* BeerService */,
			);
			path = Services;
			sourceTree = "<group>";
		};
		64FE6C11208B8FB90088DB00 /* BeerService */ = {
			isa = PBXGroup;
			children = (
				64FE6C15208B93AD0088DB00 /* HTBeerService.h */,
				64FE6C16208B93C00088DB00 /* HTBeerServiceImplementation.h */,
				64FE6C17208B93C00088DB00 /* HTBeerServiceImplementation.m */,
			);
			path = BeerService;
			sourceTree = "<group>";
		};
		64FE6C12208B911B0088DB00 /* BusinessLogic */ = {
			isa = PBXGroup;
			children = (
				64FE6C19208B94F20088DB00 /* CoreComponents */,
				64FE6C10208B8F520088DB00 /* Services */,
			);
			path = BusinessLogic;
			sourceTree = "<group>";
		};
		64FE6C13208B91690088DB00 /* Presentation */ = {
			isa = PBXGroup;
			children = (
				64FE6BF8208B77590088DB00 /* UserStories */,
			);
			path = Presentation;
			sourceTree = "<group>";
		};
		64FE6C14208B92D80088DB00 /* Model */ = {
			isa = PBXGroup;
			children = (
				64FE6C1F208B95AA0088DB00 /* BeerModel */,
			);
			path = Model;
			sourceTree = "<group>";
		};
		64FE6C19208B94F20088DB00 /* CoreComponents */ = {
			isa = PBXGroup;
			children = (
				64FE6C23208BA3720088DB00 /* RequestFactory */,
				64FE6C1A208B95230088DB00 /* NetworkClient */,
				64FE6C2C208BA6590088DB00 /* HTCoreComponentsAssembly.h */,
				64FE6C2D208BA6590088DB00 /* HTCoreComponentsAssembly.m */,
			);
			path = CoreComponents;
			sourceTree = "<group>";
		};
		64FE6C1A208B95230088DB00 /* NetworkClient */ = {
			isa = PBXGroup;
			children = (
				64FE6C1B208B954E0088DB00 /* HTNetworkClient.h */,
				64FE6C1C208B955C0088DB00 /* HTNetworkClientImplementation.h */,
				64FE6C1D208B955C0088DB00 /* HTNetworkClientImplementation.m */,
			);
			path = NetworkClient;
			sourceTree = "<group>";
		};
		64FE6C1F208B95AA0088DB00 /* BeerModel */ = {
			isa = PBXGroup;
			children = (
				64FE6C20208B96410088DB00 /* HTBeerModel.h */,
				64FE6C21208B96410088DB00 /* HTBeerModel.m */,
			);
			path = BeerModel;
			sourceTree = "<group>";
		};
		64FE6C23208BA3720088DB00 /* RequestFactory */ = {
			isa = PBXGroup;
			children = (
				64FE6C24208BA3AA0088DB00 /* HTRequestFactory.h */,
				64FE6C26208BA4830088DB00 /* HTRequestFactoryImplementation.h */,
				64FE6C27208BA4840088DB00 /* HTRequestFactoryImplementation.m */,
			);
			path = RequestFactory;
			sourceTree = "<group>";
		};
		64FE6C2F208BCB480088DB00 /* CustomViews */ = {
			isa = PBXGroup;
			children = (
				64FE6C30208BCB620088DB00 /* Cells */,
			);
			path = CustomViews;
			sourceTree = "<group>";
		};
		64FE6C30208BCB620088DB00 /* Cells */ = {
			isa = PBXGroup;
			children = (
				64FE6C31208BCBC60088DB00 /* HTImageTableViewCell.h */,
				64FE6C32208BCBC60088DB00 /* HTImageTableViewCell.m */,
				64FE6C34208BCD060088DB00 /* HTImageTableViewCell.xib */,
			);
			path = Cells;
			sourceTree = "<group>";
		};
		E3214B01DD6092827145947D /* Frameworks */ = {
			isa = PBXGroup;
			children = (
				9F621C73588965C0D4E79BA6 /* libPods-Hoppy time.a */,
			);
			name = Frameworks;
			sourceTree = "<group>";
		};
/* End PBXGroup section */

/* Begin PBXNativeTarget section */
		64FE6BC7208B691A0088DB00 /* Hoppy time */ = {
			isa = PBXNativeTarget;
			buildConfigurationList = 64FE6BDE208B691B0088DB00 /* Build configuration list for PBXNativeTarget "Hoppy time" */;
			buildPhases = (
				B6259F3034132F24A2CFEDE5 /* [CP] Check Pods Manifest.lock */,
				64FE6BC4208B691A0088DB00 /* Sources */,
				64FE6BC5208B691A0088DB00 /* Frameworks */,
				64FE6BC6208B691A0088DB00 /* Resources */,
			);
			buildRules = (
			);
			dependencies = (
			);
			name = "Hoppy time";
			productName = "Hoppy time";
			productReference = 64FE6BC8208B691A0088DB00 /* Hoppy time.app */;
			productType = "com.apple.product-type.application";
		};
/* End PBXNativeTarget section */

/* Begin PBXProject section */
		64FE6BC0208B691A0088DB00 /* Project object */ = {
			isa = PBXProject;
			attributes = {
				LastUpgradeCheck = 0930;
				ORGANIZATIONNAME = "Aleksey Yakimenko";
				TargetAttributes = {
					64FE6BC7208B691A0088DB00 = {
						CreatedOnToolsVersion = 9.3;
					};
				};
			};
			buildConfigurationList = 64FE6BC3208B691A0088DB00 /* Build configuration list for PBXProject "Hoppy time" */;
			compatibilityVersion = "Xcode 9.3";
			developmentRegion = en;
			hasScannedForEncodings = 0;
			knownRegions = (
				en,
				Base,
			);
			mainGroup = 64FE6BBF208B691A0088DB00;
			productRefGroup = 64FE6BC9208B691A0088DB00 /* Products */;
			projectDirPath = "";
			projectRoot = "";
			targets = (
				64FE6BC7208B691A0088DB00 /* Hoppy time */,
			);
		};
/* End PBXProject section */

/* Begin PBXResourcesBuildPhase section */
		64FE6BC6208B691A0088DB00 /* Resources */ = {
			isa = PBXResourcesBuildPhase;
			buildActionMask = 2147483647;
			files = (
				64FE6BD8208B691B0088DB00 /* LaunchScreen.storyboard in Resources */,
				64FE6BD5208B691B0088DB00 /* Assets.xcassets in Resources */,
				64FE6BD3208B691A0088DB00 /* Main.storyboard in Resources */,
				64FE6C35208BCD060088DB00 /* HTImageTableViewCell.xib in Resources */,
			);
			runOnlyForDeploymentPostprocessing = 0;
		};
/* End PBXResourcesBuildPhase section */

/* Begin PBXShellScriptBuildPhase section */
		B6259F3034132F24A2CFEDE5 /* [CP] Check Pods Manifest.lock */ = {
			isa = PBXShellScriptBuildPhase;
			buildActionMask = 2147483647;
			files = (
			);
			inputPaths = (
				"${PODS_PODFILE_DIR_PATH}/Podfile.lock",
				"${PODS_ROOT}/Manifest.lock",
			);
			name = "[CP] Check Pods Manifest.lock";
			outputPaths = (
				"$(DERIVED_FILE_DIR)/Pods-Hoppy time-checkManifestLockResult.txt",
			);
			runOnlyForDeploymentPostprocessing = 0;
			shellPath = /bin/sh;
			shellScript = "diff \"${PODS_PODFILE_DIR_PATH}/Podfile.lock\" \"${PODS_ROOT}/Manifest.lock\" > /dev/null\nif [ $? != 0 ] ; then\n    # print error to STDERR\n    echo \"error: The sandbox is not in sync with the Podfile.lock. Run 'pod install' or update your CocoaPods installation.\" >&2\n    exit 1\nfi\n# This output is used by Xcode 'outputs' to avoid re-running this script phase.\necho \"SUCCESS\" > \"${SCRIPT_OUTPUT_FILE_0}\"\n";
			showEnvVarsInLog = 0;
		};
/* End PBXShellScriptBuildPhase section */

/* Begin PBXSourcesBuildPhase section */
		64FE6BC4208B691A0088DB00 /* Sources */ = {
			isa = PBXSourcesBuildPhase;
			buildActionMask = 2147483647;
			files = (
				64FE6BD0208B691A0088DB00 /* HTMainViewController.m in Sources */,
				64FE6C22208B96410088DB00 /* HTBeerModel.m in Sources */,
				64FE6C18208B93C00088DB00 /* HTBeerServiceImplementation.m in Sources */,
				64FE6C2B208BA59D0088DB00 /* HTServicesAssembly.m in Sources */,
				64FE6C01208B77EF0088DB00 /* HTMainPresenter.m in Sources */,
				64FE6C0A208B781A0088DB00 /* HTMainAssembly.m in Sources */,
				64FE6BDB208B691B0088DB00 /* main.m in Sources */,
				64FE6C2E208BA6590088DB00 /* HTCoreComponentsAssembly.m in Sources */,
				64FE6BCD208B691A0088DB00 /* AppDelegate.m in Sources */,
				64FE6C33208BCBC60088DB00 /* HTImageTableViewCell.m in Sources */,
				64FE6C04208B77FE0088DB00 /* HTMainInteractor.m in Sources */,
				64FE6C28208BA4840088DB00 /* HTRequestFactoryImplementation.m in Sources */,
				64FE6C1E208B955C0088DB00 /* HTNetworkClientImplementation.m in Sources */,
				64FE6C07208B780A0088DB00 /* HTMainRouter.m in Sources */,
			);
			runOnlyForDeploymentPostprocessing = 0;
		};
/* End PBXSourcesBuildPhase section */

/* Begin PBXVariantGroup section */
		64FE6BD1208B691A0088DB00 /* Main.storyboard */ = {
			isa = PBXVariantGroup;
			children = (
				64FE6BD2208B691A0088DB00 /* Base */,
			);
			name = Main.storyboard;
			sourceTree = "<group>";
		};
		64FE6BD6208B691B0088DB00 /* LaunchScreen.storyboard */ = {
			isa = PBXVariantGroup;
			children = (
				64FE6BD7208B691B0088DB00 /* Base */,
			);
			name = LaunchScreen.storyboard;
			sourceTree = "<group>";
		};
/* End PBXVariantGroup section */

/* Begin XCBuildConfiguration section */
		64FE6BDC208B691B0088DB00 /* Debug */ = {
			isa = XCBuildConfiguration;
			buildSettings = {
				ALWAYS_SEARCH_USER_PATHS = NO;
				CLANG_ANALYZER_NONNULL = YES;
				CLANG_ANALYZER_NUMBER_OBJECT_CONVERSION = YES_AGGRESSIVE;
				CLANG_CXX_LANGUAGE_STANDARD = "gnu++14";
				CLANG_CXX_LIBRARY = "libc++";
				CLANG_ENABLE_MODULES = YES;
				CLANG_ENABLE_OBJC_ARC = YES;
				CLANG_ENABLE_OBJC_WEAK = YES;
				CLANG_WARN_BLOCK_CAPTURE_AUTORELEASING = YES;
				CLANG_WARN_BOOL_CONVERSION = YES;
				CLANG_WARN_COMMA = YES;
				CLANG_WARN_CONSTANT_CONVERSION = YES;
				CLANG_WARN_DEPRECATED_OBJC_IMPLEMENTATIONS = YES;
				CLANG_WARN_DIRECT_OBJC_ISA_USAGE = YES_ERROR;
				CLANG_WARN_DOCUMENTATION_COMMENTS = YES;
				CLANG_WARN_EMPTY_BODY = YES;
				CLANG_WARN_ENUM_CONVERSION = YES;
				CLANG_WARN_INFINITE_RECURSION = YES;
				CLANG_WARN_INT_CONVERSION = YES;
				CLANG_WARN_NON_LITERAL_NULL_CONVERSION = YES;
				CLANG_WARN_OBJC_IMPLICIT_RETAIN_SELF = YES;
				CLANG_WARN_OBJC_LITERAL_CONVERSION = YES;
				CLANG_WARN_OBJC_ROOT_CLASS = YES_ERROR;
				CLANG_WARN_RANGE_LOOP_ANALYSIS = YES;
				CLANG_WARN_STRICT_PROTOTYPES = YES;
				CLANG_WARN_SUSPICIOUS_MOVE = YES;
				CLANG_WARN_UNGUARDED_AVAILABILITY = YES_AGGRESSIVE;
				CLANG_WARN_UNREACHABLE_CODE = YES;
				CLANG_WARN__DUPLICATE_METHOD_MATCH = YES;
				CODE_SIGN_IDENTITY = "iPhone Developer";
				COPY_PHASE_STRIP = NO;
				DEBUG_INFORMATION_FORMAT = dwarf;
				ENABLE_STRICT_OBJC_MSGSEND = YES;
				ENABLE_TESTABILITY = YES;
				GCC_C_LANGUAGE_STANDARD = gnu11;
				GCC_DYNAMIC_NO_PIC = NO;
				GCC_NO_COMMON_BLOCKS = YES;
				GCC_OPTIMIZATION_LEVEL = 0;
				GCC_PREPROCESSOR_DEFINITIONS = (
					"DEBUG=1",
					"$(inherited)",
				);
				GCC_WARN_64_TO_32_BIT_CONVERSION = YES;
				GCC_WARN_ABOUT_RETURN_TYPE = YES_ERROR;
				GCC_WARN_UNDECLARED_SELECTOR = YES;
				GCC_WARN_UNINITIALIZED_AUTOS = YES_AGGRESSIVE;
				GCC_WARN_UNUSED_FUNCTION = YES;
				GCC_WARN_UNUSED_VARIABLE = YES;
				IPHONEOS_DEPLOYMENT_TARGET = 11.3;
				MTL_ENABLE_DEBUG_INFO = YES;
				ONLY_ACTIVE_ARCH = YES;
				SDKROOT = iphoneos;
			};
			name = Debug;
		};
		64FE6BDD208B691B0088DB00 /* Release */ = {
			isa = XCBuildConfiguration;
			buildSettings = {
				ALWAYS_SEARCH_USER_PATHS = NO;
				CLANG_ANALYZER_NONNULL = YES;
				CLANG_ANALYZER_NUMBER_OBJECT_CONVERSION = YES_AGGRESSIVE;
				CLANG_CXX_LANGUAGE_STANDARD = "gnu++14";
				CLANG_CXX_LIBRARY = "libc++";
				CLANG_ENABLE_MODULES = YES;
				CLANG_ENABLE_OBJC_ARC = YES;
				CLANG_ENABLE_OBJC_WEAK = YES;
				CLANG_WARN_BLOCK_CAPTURE_AUTORELEASING = YES;
				CLANG_WARN_BOOL_CONVERSION = YES;
				CLANG_WARN_COMMA = YES;
				CLANG_WARN_CONSTANT_CONVERSION = YES;
				CLANG_WARN_DEPRECATED_OBJC_IMPLEMENTATIONS = YES;
				CLANG_WARN_DIRECT_OBJC_ISA_USAGE = YES_ERROR;
				CLANG_WARN_DOCUMENTATION_COMMENTS = YES;
				CLANG_WARN_EMPTY_BODY = YES;
				CLANG_WARN_ENUM_CONVERSION = YES;
				CLANG_WARN_INFINITE_RECURSION = YES;
				CLANG_WARN_INT_CONVERSION = YES;
				CLANG_WARN_NON_LITERAL_NULL_CONVERSION = YES;
				CLANG_WARN_OBJC_IMPLICIT_RETAIN_SELF = YES;
				CLANG_WARN_OBJC_LITERAL_CONVERSION = YES;
				CLANG_WARN_OBJC_ROOT_CLASS = YES_ERROR;
				CLANG_WARN_RANGE_LOOP_ANALYSIS = YES;
				CLANG_WARN_STRICT_PROTOTYPES = YES;
				CLANG_WARN_SUSPICIOUS_MOVE = YES;
				CLANG_WARN_UNGUARDED_AVAILABILITY = YES_AGGRESSIVE;
				CLANG_WARN_UNREACHABLE_CODE = YES;
				CLANG_WARN__DUPLICATE_METHOD_MATCH = YES;
				CODE_SIGN_IDENTITY = "iPhone Developer";
				COPY_PHASE_STRIP = NO;
				DEBUG_INFORMATION_FORMAT = "dwarf-with-dsym";
				ENABLE_NS_ASSERTIONS = NO;
				ENABLE_STRICT_OBJC_MSGSEND = YES;
				GCC_C_LANGUAGE_STANDARD = gnu11;
				GCC_NO_COMMON_BLOCKS = YES;
				GCC_WARN_64_TO_32_BIT_CONVERSION = YES;
				GCC_WARN_ABOUT_RETURN_TYPE = YES_ERROR;
				GCC_WARN_UNDECLARED_SELECTOR = YES;
				GCC_WARN_UNINITIALIZED_AUTOS = YES_AGGRESSIVE;
				GCC_WARN_UNUSED_FUNCTION = YES;
				GCC_WARN_UNUSED_VARIABLE = YES;
				IPHONEOS_DEPLOYMENT_TARGET = 11.3;
				MTL_ENABLE_DEBUG_INFO = NO;
				SDKROOT = iphoneos;
				VALIDATE_PRODUCT = YES;
			};
			name = Release;
		};
		64FE6BDF208B691B0088DB00 /* Debug */ = {
			isa = XCBuildConfiguration;
			baseConfigurationReference = 1C9549600CF18368FC4CCD02 /* Pods-Hoppy time.debug.xcconfig */;
			buildSettings = {
				ASSETCATALOG_COMPILER_APPICON_NAME = AppIcon;
				CODE_SIGN_STYLE = Automatic;
				DEVELOPMENT_TEAM = "";
				INFOPLIST_FILE = "Hoppy time/Info.plist";
				LD_RUNPATH_SEARCH_PATHS = (
					"$(inherited)",
					"@executable_path/Frameworks",
				);
				PRODUCT_BUNDLE_IDENTIFIER = "com.Aleksey-Yakimenko.Hoppy-time";
				PRODUCT_NAME = "$(TARGET_NAME)";
				TARGETED_DEVICE_FAMILY = "1,2";
			};
			name = Debug;
		};
		64FE6BE0208B691B0088DB00 /* Release */ = {
			isa = XCBuildConfiguration;
			baseConfigurationReference = 0A5173803A289BC215F745D8 /* Pods-Hoppy time.release.xcconfig */;
			buildSettings = {
				ASSETCATALOG_COMPILER_APPICON_NAME = AppIcon;
				CODE_SIGN_STYLE = Automatic;
				DEVELOPMENT_TEAM = "";
				INFOPLIST_FILE = "Hoppy time/Info.plist";
				LD_RUNPATH_SEARCH_PATHS = (
					"$(inherited)",
					"@executable_path/Frameworks",
				);
				PRODUCT_BUNDLE_IDENTIFIER = "com.Aleksey-Yakimenko.Hoppy-time";
				PRODUCT_NAME = "$(TARGET_NAME)";
				TARGETED_DEVICE_FAMILY = "1,2";
			};
			name = Release;
		};
/* End XCBuildConfiguration section */

/* Begin XCConfigurationList section */
		64FE6BC3208B691A0088DB00 /* Build configuration list for PBXProject "Hoppy time" */ = {
			isa = XCConfigurationList;
			buildConfigurations = (
				64FE6BDC208B691B0088DB00 /* Debug */,
				64FE6BDD208B691B0088DB00 /* Release */,
			);
			defaultConfigurationIsVisible = 0;
			defaultConfigurationName = Release;
		};
		64FE6BDE208B691B0088DB00 /* Build configuration list for PBXNativeTarget "Hoppy time" */ = {
			isa = XCConfigurationList;
			buildConfigurations = (
				64FE6BDF208B691B0088DB00 /* Debug */,
				64FE6BE0208B691B0088DB00 /* Release */,
			);
			defaultConfigurationIsVisible = 0;
			defaultConfigurationName = Release;
		};
/* End XCConfigurationList section */
	};
	rootObject = 64FE6BC0208B691A0088DB00 /* Project object */;
}
